
Microsoft Visual Studio Solution File, Format Version 12.00
# Visual Studio Version 17
VisualStudioVersion = 17.9.34607.119
MinimumVisualStudioVersion = 10.0.40219.1
Project("{FAE04EC0-301F-11D3-BF4B-00C04F79EFBC}") = "Praser2", "Praser2\Praser2.csproj", "{04AA96EC-2EB9-443F-8023-A988B687E75F}"
EndProject
Global
	GlobalSection(SolutionConfigurationPlatforms) = preSolution
		Debug|Any CPU = Debug|Any CPU
		Release|Any CPU = Release|Any CPU
	EndGlobalSection
	GlobalSection(ProjectConfigurationPlatforms) = postSolution
		{04AA96EC-2EB9-443F-8023-A988B687E75F}.Debug|Any CPU.ActiveCfg = Debug|Any CPU
		{04AA96EC-2EB9-443F-8023-A988B687E75F}.Debug|Any CPU.Build.0 = Debug|Any CPU
		{04AA96EC-2EB9-443F-8023-A988B687E75F}.Debug|Any CPU.Deploy.0 = Debug|Any CPU
		{04AA96EC-2EB9-443F-8023-A988B687E75F}.Release|Any CPU.ActiveCfg = Release|Any CPU
		{04AA96EC-2EB9-443F-8023-A988B687E75F}.Release|Any CPU.Build.0 = Release|Any CPU
		{04AA96EC-2EB9-443F-8023-A988B687E75F}.Release|Any CPU.Deploy.0 = Release|Any CPU
	EndGlobalSection
	GlobalSection(SolutionProperties) = preSolution
		HideSolutionNode = FALSE
	EndGlobalSection
	GlobalSection(ExtensibilityGlobals) = postSolution
		SolutionGuid = {5A2EF1E0-24B6-4629-B565-76E0EDED584B}
	EndGlobalSection
EndGlobal
